
Microsoft Visual Studio Solution File, Format Version 12.00
# Visual Studio Version 16
VisualStudioVersion = 16.0.30621.155
MinimumVisualStudioVersion = 10.0.40219.1
Project("{9A19103F-16F7-4668-BE54-9A1E7A4F7556}") = "DIO.Bank", "DIO.Bank.csproj", "{AB60BCD3-14FC-4878-842B-E359D98BB590}"
EndProject
Global
	GlobalSection(SolutionConfigurationPlatforms) = preSolution
		Debug|Any CPU = Debug|Any CPU
		Release|Any CPU = Release|Any CPU
	EndGlobalSection
	GlobalSection(ProjectConfigurationPlatforms) = postSolution
		{AB60BCD3-14FC-4878-842B-E359D98BB590}.Debug|Any CPU.ActiveCfg = Debug|Any CPU
		{AB60BCD3-14FC-4878-842B-E359D98BB590}.Debug|Any CPU.Build.0 = Debug|Any CPU
		{AB60BCD3-14FC-4878-842B-E359D98BB590}.Release|Any CPU.ActiveCfg = Release|Any CPU
		{AB60BCD3-14FC-4878-842B-E359D98BB590}.Release|Any CPU.Build.0 = Release|Any CPU
	EndGlobalSection
	GlobalSection(SolutionProperties) = preSolution
		HideSolutionNode = FALSE
	EndGlobalSection
	GlobalSection(ExtensibilityGlobals) = postSolution
		SolutionGuid = {673C8A39-2078-4847-8FE0-BF84728305F2}
	EndGlobalSection
EndGlobal
